
Microsoft Visual Studio Solution File, Format Version 12.00
# Visual Studio Version 17
VisualStudioVersion = 17.2.32519.379
MinimumVisualStudioVersion = 10.0.40219.1
Project("{8BC9CEB8-8B4A-11D0-8D11-00A0C91BC942}") = "Project2", "Project2\Project2.vcxproj", "{47084D7F-7278-48F3-8741-5189EE0EA0E1}"
EndProject
Global
	GlobalSection(SolutionConfigurationPlatforms) = preSolution
		Debug|x64 = Debug|x64
		Debug|x86 = Debug|x86
		Release|x64 = Release|x64
		Release|x86 = Release|x86
	EndGlobalSection
	GlobalSection(ProjectConfigurationPlatforms) = postSolution
		{47084D7F-7278-48F3-8741-5189EE0EA0E1}.Debug|x64.ActiveCfg = Debug|x64
		{47084D7F-7278-48F3-8741-5189EE0EA0E1}.Debug|x64.Build.0 = Debug|x64
		{47084D7F-7278-48F3-8741-5189EE0EA0E1}.Debug|x86.ActiveCfg = Debug|Win32
		{47084D7F-7278-48F3-8741-5189EE0EA0E1}.Debug|x86.Build.0 = Debug|Win32
		{47084D7F-7278-48F3-8741-5189EE0EA0E1}.Release|x64.ActiveCfg = Release|x64
		{47084D7F-7278-48F3-8741-5189EE0EA0E1}.Release|x64.Build.0 = Release|x64
		{47084D7F-7278-48F3-8741-5189EE0EA0E1}.Release|x86.ActiveCfg = Release|Win32
		{47084D7F-7278-48F3-8741-5189EE0EA0E1}.Release|x86.Build.0 = Release|Win32
	EndGlobalSection
	GlobalSection(SolutionProperties) = preSolution
		HideSolutionNode = FALSE
	EndGlobalSection
	GlobalSection(ExtensibilityGlobals) = postSolution
		SolutionGuid = {022F8ACA-4535-4F68-BEF2-2B64BC1EF1B4}
	EndGlobalSection
EndGlobal
